<Solution>
  <Project Path="LanguageLearning.API/LanguageLearning.API.csproj" Id="83a4d16e-834b-4fa1-829b-969bad77539b" />
  <Project Path="LanguageLearning.Application/LanguageLearning.Application.csproj" Id="00138691-4837-4435-b2e3-c4024c7399e5" />
  <Project Path="LanguageLearning.Domain/LanguageLearning.Domain.csproj" Id="20db45af-e366-435f-acea-30b6ac97954a" />
  <Project Path="LanguageLearning.Infrastructure/LanguageLearning.Infrastructure.csproj" Id="2f016469-e280-46a1-8f8e-a854b470a41e" />
  <Project Path="LanguageLearning.Tests/LanguageLearning.Tests.csproj" Id="1b8f422f-cc80-4c2c-bb64-94957e7b78c7" />
</Solution>
